
Microsoft Visual Studio Solution File, Format Version 12.00
# Visual Studio Version 17
VisualStudioVersion = 17.10.35122.118
MinimumVisualStudioVersion = 10.0.40219.1
Project("{9A19103F-16F7-4668-BE54-9A1E7A4F7556}") = "Front", "Front.csproj", "{2309295E-9C8B-45B8-A427-5D19079792A6}"
EndProject
Project("{9A19103F-16F7-4668-BE54-9A1E7A4F7556}") = "ModelUnitTests", "..\ModelUnitTests\ModelUnitTests.csproj", "{1AF2905B-A688-4BA4-9E66-C047B8F97F0C}"
EndProject
Project("{9A19103F-16F7-4668-BE54-9A1E7A4F7556}") = "WpfFront", "..\WpfFront\WpfFront.csproj", "{015BE0DA-C9DF-4742-A2EF-119B576EB5E8}"
EndProject
Project("{FAE04EC0-301F-11D3-BF4B-00C04F79EFBC}") = "ConsoleFront", "..\ConsoleFront\ConsoleFront.csproj", "{97AB67B5-F3C9-4161-94F6-076981657330}"
EndProject
Global
	GlobalSection(SolutionConfigurationPlatforms) = preSolution
		Debug|Any CPU = Debug|Any CPU
		Release|Any CPU = Release|Any CPU
	EndGlobalSection
	GlobalSection(ProjectConfigurationPlatforms) = postSolution
		{2309295E-9C8B-45B8-A427-5D19079792A6}.Debug|Any CPU.ActiveCfg = Debug|Any CPU
		{2309295E-9C8B-45B8-A427-5D19079792A6}.Debug|Any CPU.Build.0 = Debug|Any CPU
		{2309295E-9C8B-45B8-A427-5D19079792A6}.Release|Any CPU.ActiveCfg = Release|Any CPU
		{2309295E-9C8B-45B8-A427-5D19079792A6}.Release|Any CPU.Build.0 = Release|Any CPU
		{1AF2905B-A688-4BA4-9E66-C047B8F97F0C}.Debug|Any CPU.ActiveCfg = Debug|Any CPU
		{1AF2905B-A688-4BA4-9E66-C047B8F97F0C}.Debug|Any CPU.Build.0 = Debug|Any CPU
		{1AF2905B-A688-4BA4-9E66-C047B8F97F0C}.Release|Any CPU.ActiveCfg = Release|Any CPU
		{1AF2905B-A688-4BA4-9E66-C047B8F97F0C}.Release|Any CPU.Build.0 = Release|Any CPU
		{015BE0DA-C9DF-4742-A2EF-119B576EB5E8}.Debug|Any CPU.ActiveCfg = Debug|Any CPU
		{015BE0DA-C9DF-4742-A2EF-119B576EB5E8}.Debug|Any CPU.Build.0 = Debug|Any CPU
		{015BE0DA-C9DF-4742-A2EF-119B576EB5E8}.Release|Any CPU.ActiveCfg = Release|Any CPU
		{015BE0DA-C9DF-4742-A2EF-119B576EB5E8}.Release|Any CPU.Build.0 = Release|Any CPU
		{97AB67B5-F3C9-4161-94F6-076981657330}.Debug|Any CPU.ActiveCfg = Debug|Any CPU
		{97AB67B5-F3C9-4161-94F6-076981657330}.Debug|Any CPU.Build.0 = Debug|Any CPU
		{97AB67B5-F3C9-4161-94F6-076981657330}.Release|Any CPU.ActiveCfg = Release|Any CPU
		{97AB67B5-F3C9-4161-94F6-076981657330}.Release|Any CPU.Build.0 = Release|Any CPU
	EndGlobalSection
	GlobalSection(SolutionProperties) = preSolution
		HideSolutionNode = FALSE
	EndGlobalSection
	GlobalSection(ExtensibilityGlobals) = postSolution
		SolutionGuid = {13236B81-EAAB-4568-B5C8-12DAE7DF0C20}
	EndGlobalSection
EndGlobal
